// !$*UTF8*$!
{
	archiveVersion = 1;
	classes = {
	};
	objectVersion = 56;
	objects = {

/* Begin PBXBuildFile section */
		D96704532BF75666003919D0 /* ExploreMetricKitApp.swift in Sources */ = {isa = PBXBuildFile; fileRef = D96704522BF75666003919D0 /* ExploreMetricKitApp.swift */; };
		D96704552BF75666003919D0 /* ContentView.swift in Sources */ = {isa = PBXBuildFile; fileRef = D96704542BF75666003919D0 /* ContentView.swift */; };
		D96704572BF75667003919D0 /* Assets.xcassets in Resources */ = {isa = PBXBuildFile; fileRef = D96704562BF75667003919D0 /* Assets.xcassets */; };
		D967045A2BF75667003919D0 /* Preview Assets.xcassets in Resources */ = {isa = PBXBuildFile; fileRef = D96704592BF75667003919D0 /* Preview Assets.xcassets */; };
		D96704642BF75667003919D0 /* ExploreMetricKitTests.swift in Sources */ = {isa = PBXBuildFile; fileRef = D96704632BF75667003919D0 /* ExploreMetricKitTests.swift */; };
		D967046E2BF75667003919D0 /* ExploreMetricKitUITests.swift in Sources */ = {isa = PBXBuildFile; fileRef = D967046D2BF75667003919D0 /* ExploreMetricKitUITests.swift */; };
		D96704702BF75667003919D0 /* ExploreMetricKitUITestsLaunchTests.swift in Sources */ = {isa = PBXBuildFile; fileRef = D967046F2BF75667003919D0 /* ExploreMetricKitUITestsLaunchTests.swift */; };
		D967047D2BF75688003919D0 /* MetricReporter.swift in Sources */ = {isa = PBXBuildFile; fileRef = D967047C2BF75688003919D0 /* MetricReporter.swift */; };
/* End PBXBuildFile section */

/* Begin PBXContainerItemProxy section */
		D96704602BF75667003919D0 /* PBXContainerItemProxy */ = {
			isa = PBXContainerItemProxy;
			containerPortal = D96704472BF75665003919D0 /* Project object */;
			proxyType = 1;
			remoteGlobalIDString = D967044E2BF75666003919D0;
			remoteInfo = ExploreMetricKit;
		};
		D967046A2BF75667003919D0 /* PBXContainerItemProxy */ = {
			isa = PBXContainerItemProxy;
			containerPortal = D96704472BF75665003919D0 /* Project object */;
			proxyType = 1;
			remoteGlobalIDString = D967044E2BF75666003919D0;
			remoteInfo = ExploreMetricKit;
		};
/* End PBXContainerItemProxy section */

/* Begin PBXFileReference section */
		D967044F2BF75666003919D0 /* ExploreMetricKit.app */ = {isa = PBXFileReference; explicitFileType = wrapper.application; includeInIndex = 0; path = ExploreMetricKit.app; sourceTree = BUILT_PRODUCTS_DIR; };
		D96704522BF75666003919D0 /* ExploreMetricKitApp.swift */ = {isa = PBXFileReference; lastKnownFileType = sourcecode.swift; path = ExploreMetricKitApp.swift; sourceTree = "<group>"; };
		D96704542BF75666003919D0 /* ContentView.swift */ = {isa = PBXFileReference; lastKnownFileType = sourcecode.swift; path = ContentView.swift; sourceTree = "<group>"; };
		D96704562BF75667003919D0 /* Assets.xcassets */ = {isa = PBXFileReference; lastKnownFileType = folder.assetcatalog; path = Assets.xcassets; sourceTree = "<group>"; };
		D96704592BF75667003919D0 /* Preview Assets.xcassets */ = {isa = PBXFileReference; lastKnownFileType = folder.assetcatalog; path = "Preview Assets.xcassets"; sourceTree = "<group>"; };
		D967045F2BF75667003919D0 /* ExploreMetricKitTests.xctest */ = {isa = PBXFileReference; explicitFileType = wrapper.cfbundle; includeInIndex = 0; path = ExploreMetricKitTests.xctest; sourceTree = BUILT_PRODUCTS_DIR; };
		D96704632BF75667003919D0 /* ExploreMetricKitTests.swift */ = {isa = PBXFileReference; lastKnownFileType = sourcecode.swift; path = ExploreMetricKitTests.swift; sourceTree = "<group>"; };
		D96704692BF75667003919D0 /* ExploreMetricKitUITests.xctest */ = {isa = PBXFileReference; explicitFileType = wrapper.cfbundle; includeInIndex = 0; path = ExploreMetricKitUITests.xctest; sourceTree = BUILT_PRODUCTS_DIR; };
		D967046D2BF75667003919D0 /* ExploreMetricKitUITests.swift */ = {isa = PBXFileReference; lastKnownFileType = sourcecode.swift; path = ExploreMetricKitUITests.swift; sourceTree = "<group>"; };
		D967046F2BF75667003919D0 /* ExploreMetricKitUITestsLaunchTests.swift */ = {isa = PBXFileReference; lastKnownFileType = sourcecode.swift; path = ExploreMetricKitUITestsLaunchTests.swift; sourceTree = "<group>"; };
		D967047C2BF75688003919D0 /* MetricReporter.swift */ = {isa = PBXFileReference; lastKnownFileType = sourcecode.swift; path = MetricReporter.swift; sourceTree = "<group>"; };
/* End PBXFileReference section */

/* Begin PBXFrameworksBuildPhase section */
		D967044C2BF75666003919D0 /* Frameworks */ = {
			isa = PBXFrameworksBuildPhase;
			buildActionMask = 2147483647;
			files = (
			);
			runOnlyForDeploymentPostprocessing = 0;
		};
		D967045C2BF75667003919D0 /* Frameworks */ = {
			isa = PBXFrameworksBuildPhase;
			buildActionMask = 2147483647;
			files = (
			);
			runOnlyForDeploymentPostprocessing = 0;
		};
		D96704662BF75667003919D0 /* Frameworks */ = {
			isa = PBXFrameworksBuildPhase;
			buildActionMask = 2147483647;
			files = (
			);
			runOnlyForDeploymentPostprocessing = 0;
		};
/* End PBXFrameworksBuildPhase section */

/* Begin PBXGroup section */
		D96704462BF75665003919D0 = {
			isa = PBXGroup;
			children = (
				D96704512BF75666003919D0 /* ExploreMetricKit */,
				D96704622BF75667003919D0 /* ExploreMetricKitTests */,
				D967046C2BF75667003919D0 /* ExploreMetricKitUITests */,
				D96704502BF75666003919D0 /* Products */,
			);
			sourceTree = "<group>";
		};
		D96704502BF75666003919D0 /* Products */ = {
			isa = PBXGroup;
			children = (
				D967044F2BF75666003919D0 /* ExploreMetricKit.app */,
				D967045F2BF75667003919D0 /* ExploreMetricKitTests.xctest */,
				D96704692BF75667003919D0 /* ExploreMetricKitUITests.xctest */,
			);
			name = Products;
			sourceTree = "<group>";
		};
		D96704512BF75666003919D0 /* ExploreMetricKit */ = {
			isa = PBXGroup;
			children = (
				D96704522BF75666003919D0 /* ExploreMetricKitApp.swift */,
				D96704542BF75666003919D0 /* ContentView.swift */,
				D96704562BF75667003919D0 /* Assets.xcassets */,
				D96704582BF75667003919D0 /* Preview Content */,
				D967047C2BF75688003919D0 /* MetricReporter.swift */,
			);
			path = ExploreMetricKit;
			sourceTree = "<group>";
		};
		D96704582BF75667003919D0 /* Preview Content */ = {
			isa = PBXGroup;
			children = (
				D96704592BF75667003919D0 /* Preview Assets.xcassets */,
			);
			path = "Preview Content";
			sourceTree = "<group>";
		};
		D96704622BF75667003919D0 /* ExploreMetricKitTests */ = {
			isa = PBXGroup;
			children = (
				D96704632BF75667003919D0 /* ExploreMetricKitTests.swift */,
			);
			path = ExploreMetricKitTests;
			sourceTree = "<group>";
		};
		D967046C2BF75667003919D0 /* ExploreMetricKitUITests */ = {
			isa = PBXGroup;
			children = (
				D967046D2BF75667003919D0 /* ExploreMetricKitUITests.swift */,
				D967046F2BF75667003919D0 /* ExploreMetricKitUITestsLaunchTests.swift */,
			);
			path = ExploreMetricKitUITests;
			sourceTree = "<group>";
		};
/* End PBXGroup section */

/* Begin PBXNativeTarget section */
		D967044E2BF75666003919D0 /* ExploreMetricKit */ = {
			isa = PBXNativeTarget;
			buildConfigurationList = D96704732BF75667003919D0 /* Build configuration list for PBXNativeTarget "ExploreMetricKit" */;
			buildPhases = (
				D967044B2BF75666003919D0 /* Sources */,
				D967044C2BF75666003919D0 /* Frameworks */,
				D967044D2BF75666003919D0 /* Resources */,
			);
			buildRules = (
			);
			dependencies = (
			);
			name = ExploreMetricKit;
			productName = ExploreMetricKit;
			productReference = D967044F2BF75666003919D0 /* ExploreMetricKit.app */;
			productType = "com.apple.product-type.application";
		};
		D967045E2BF75667003919D0 /* ExploreMetricKitTests */ = {
			isa = PBXNativeTarget;
			buildConfigurationList = D96704762BF75667003919D0 /* Build configuration list for PBXNativeTarget "ExploreMetricKitTests" */;
			buildPhases = (
				D967045B2BF75667003919D0 /* Sources */,
				D967045C2BF75667003919D0 /* Frameworks */,
				D967045D2BF75667003919D0 /* Resources */,
			);
			buildRules = (
			);
			dependencies = (
				D96704612BF75667003919D0 /* PBXTargetDependency */,
			);
			name = ExploreMetricKitTests;
			productName = ExploreMetricKitTests;
			productReference = D967045F2BF75667003919D0 /* ExploreMetricKitTests.xctest */;
			productType = "com.apple.product-type.bundle.unit-test";
		};
		D96704682BF75667003919D0 /* ExploreMetricKitUITests */ = {
			isa = PBXNativeTarget;
			buildConfigurationList = D96704792BF75667003919D0 /* Build configuration list for PBXNativeTarget "ExploreMetricKitUITests" */;
			buildPhases = (
				D96704652BF75667003919D0 /* Sources */,
				D96704662BF75667003919D0 /* Frameworks */,
				D96704672BF75667003919D0 /* Resources */,
			);
			buildRules = (
			);
			dependencies = (
				D967046B2BF75667003919D0 /* PBXTargetDependency */,
			);
			name = ExploreMetricKitUITests;
			productName = ExploreMetricKitUITests;
			productReference = D96704692BF75667003919D0 /* ExploreMetricKitUITests.xctest */;
			productType = "com.apple.product-type.bundle.ui-testing";
		};
/* End PBXNativeTarget section */

/* Begin PBXProject section */
		D96704472BF75665003919D0 /* Project object */ = {
			isa = PBXProject;
			attributes = {
				BuildIndependentTargetsInParallel = 1;
				LastSwiftUpdateCheck = 1500;
				LastUpgradeCheck = 1500;
				TargetAttributes = {
					D967044E2BF75666003919D0 = {
						CreatedOnToolsVersion = 15.0.1;
					};
					D967045E2BF75667003919D0 = {
						CreatedOnToolsVersion = 15.0.1;
						TestTargetID = D967044E2BF75666003919D0;
					};
					D96704682BF75667003919D0 = {
						CreatedOnToolsVersion = 15.0.1;
						TestTargetID = D967044E2BF75666003919D0;
					};
				};
			};
			buildConfigurationList = D967044A2BF75665003919D0 /* Build configuration list for PBXProject "ExploreMetricKit" */;
			compatibilityVersion = "Xcode 14.0";
			developmentRegion = en;
			hasScannedForEncodings = 0;
			knownRegions = (
				en,
				Base,
			);
			mainGroup = D96704462BF75665003919D0;
			productRefGroup = D96704502BF75666003919D0 /* Products */;
			projectDirPath = "";
			projectRoot = "";
			targets = (
				D967044E2BF75666003919D0 /* ExploreMetricKit */,
				D967045E2BF75667003919D0 /* ExploreMetricKitTests */,
				D96704682BF75667003919D0 /* ExploreMetricKitUITests */,
			);
		};
/* End PBXProject section */

/* Begin PBXResourcesBuildPhase section */
		D967044D2BF75666003919D0 /* Resources */ = {
			isa = PBXResourcesBuildPhase;
			buildActionMask = 2147483647;
			files = (
				D967045A2BF75667003919D0 /* Preview Assets.xcassets in Resources */,
				D96704572BF75667003919D0 /* Assets.xcassets in Resources */,
			);
			runOnlyForDeploymentPostprocessing = 0;
		};
		D967045D2BF75667003919D0 /* Resources */ = {
			isa = PBXResourcesBuildPhase;
			buildActionMask = 2147483647;
			files = (
			);
			runOnlyForDeploymentPostprocessing = 0;
		};
		D96704672BF75667003919D0 /* Resources */ = {
			isa = PBXResourcesBuildPhase;
			buildActionMask = 2147483647;
			files = (
			);
			runOnlyForDeploymentPostprocessing = 0;
		};
/* End PBXResourcesBuildPhase section */

/* Begin PBXSourcesBuildPhase section */
		D967044B2BF75666003919D0 /* Sources */ = {
			isa = PBXSourcesBuildPhase;
			buildActionMask = 2147483647;
			files = (
				D96704552BF75666003919D0 /* ContentView.swift in Sources */,
				D967047D2BF75688003919D0 /* MetricReporter.swift in Sources */,
				D96704532BF75666003919D0 /* ExploreMetricKitApp.swift in Sources */,
			);
			runOnlyForDeploymentPostprocessing = 0;
		};
		D967045B2BF75667003919D0 /* Sources */ = {
			isa = PBXSourcesBuildPhase;
			buildActionMask = 2147483647;
			files = (
				D96704642BF75667003919D0 /* ExploreMetricKitTests.swift in Sources */,
			);
			runOnlyForDeploymentPostprocessing = 0;
		};
		D96704652BF75667003919D0 /* Sources */ = {
			isa = PBXSourcesBuildPhase;
			buildActionMask = 2147483647;
			files = (
				D967046E2BF75667003919D0 /* ExploreMetricKitUITests.swift in Sources */,
				D96704702BF75667003919D0 /* ExploreMetricKitUITestsLaunchTests.swift in Sources */,
			);
			runOnlyForDeploymentPostprocessing = 0;
		};
/* End PBXSourcesBuildPhase section */

/* Begin PBXTargetDependency section */
		D96704612BF75667003919D0 /* PBXTargetDependency */ = {
			isa = PBXTargetDependency;
			target = D967044E2BF75666003919D0 /* ExploreMetricKit */;
			targetProxy = D96704602BF75667003919D0 /* PBXContainerItemProxy */;
		};
		D967046B2BF75667003919D0 /* PBXTargetDependency */ = {
			isa = PBXTargetDependency;
			target = D967044E2BF75666003919D0 /* ExploreMetricKit */;
			targetProxy = D967046A2BF75667003919D0 /* PBXContainerItemProxy */;
		};
/* End PBXTargetDependency section */

/* Begin XCBuildConfiguration section */
		D96704712BF75667003919D0 /* Debug */ = {
			isa = XCBuildConfiguration;
			buildSettings = {
				ALWAYS_SEARCH_USER_PATHS = NO;
				ASSETCATALOG_COMPILER_GENERATE_SWIFT_ASSET_SYMBOL_EXTENSIONS = YES;
				CLANG_ANALYZER_NONNULL = YES;
				CLANG_ANALYZER_NUMBER_OBJECT_CONVERSION = YES_AGGRESSIVE;
				CLANG_CXX_LANGUAGE_STANDARD = "gnu++20";
				CLANG_ENABLE_MODULES = YES;
				CLANG_ENABLE_OBJC_ARC = YES;
				CLANG_ENABLE_OBJC_WEAK = YES;
				CLANG_WARN_BLOCK_CAPTURE_AUTORELEASING = YES;
				CLANG_WARN_BOOL_CONVERSION = YES;
				CLANG_WARN_COMMA = YES;
				CLANG_WARN_CONSTANT_CONVERSION = YES;
				CLANG_WARN_DEPRECATED_OBJC_IMPLEMENTATIONS = YES;
				CLANG_WARN_DIRECT_OBJC_ISA_USAGE = YES_ERROR;
				CLANG_WARN_DOCUMENTATION_COMMENTS = YES;
				CLANG_WARN_EMPTY_BODY = YES;
				CLANG_WARN_ENUM_CONVERSION = YES;
				CLANG_WARN_INFINITE_RECURSION = YES;
				CLANG_WARN_INT_CONVERSION = YES;
				CLANG_WARN_NON_LITERAL_NULL_CONVERSION = YES;
				CLANG_WARN_OBJC_IMPLICIT_RETAIN_SELF = YES;
				CLANG_WARN_OBJC_LITERAL_CONVERSION = YES;
				CLANG_WARN_OBJC_ROOT_CLASS = YES_ERROR;
				CLANG_WARN_QUOTED_INCLUDE_IN_FRAMEWORK_HEADER = YES;
				CLANG_WARN_RANGE_LOOP_ANALYSIS = YES;
				CLANG_WARN_STRICT_PROTOTYPES = YES;
				CLANG_WARN_SUSPICIOUS_MOVE = YES;
				CLANG_WARN_UNGUARDED_AVAILABILITY = YES_AGGRESSIVE;
				CLANG_WARN_UNREACHABLE_CODE = YES;
				CLANG_WARN__DUPLICATE_METHOD_MATCH = YES;
				COPY_PHASE_STRIP = NO;
				DEBUG_INFORMATION_FORMAT = dwarf;
				ENABLE_STRICT_OBJC_MSGSEND = YES;
				ENABLE_TESTABILITY = YES;
				ENABLE_USER_SCRIPT_SANDBOXING = YES;
				GCC_C_LANGUAGE_STANDARD = gnu17;
				GCC_DYNAMIC_NO_PIC = NO;
				GCC_NO_COMMON_BLOCKS = YES;
				GCC_OPTIMIZATION_LEVEL = 0;
				GCC_PREPROCESSOR_DEFINITIONS = (
					"DEBUG=1",
					"$(inherited)",
				);
				GCC_WARN_64_TO_32_BIT_CONVERSION = YES;
				GCC_WARN_ABOUT_RETURN_TYPE = YES_ERROR;
				GCC_WARN_UNDECLARED_SELECTOR = YES;
				GCC_WARN_UNINITIALIZED_AUTOS = YES_AGGRESSIVE;
				GCC_WARN_UNUSED_FUNCTION = YES;
				GCC_WARN_UNUSED_VARIABLE = YES;
				IPHONEOS_DEPLOYMENT_TARGET = 17.0;
				LOCALIZATION_PREFERS_STRING_CATALOGS = YES;
				MTL_ENABLE_DEBUG_INFO = INCLUDE_SOURCE;
				MTL_FAST_MATH = YES;
				ONLY_ACTIVE_ARCH = YES;
				SDKROOT = iphoneos;
				SWIFT_ACTIVE_COMPILATION_CONDITIONS = "DEBUG $(inherited)";
				SWIFT_OPTIMIZATION_LEVEL = "-Onone";
			};
			name = Debug;
		};
		D96704722BF75667003919D0 /* Release */ = {
			isa = XCBuildConfiguration;
			buildSettings = {
				ALWAYS_SEARCH_USER_PATHS = NO;
				ASSETCATALOG_COMPILER_GENERATE_SWIFT_ASSET_SYMBOL_EXTENSIONS = YES;
				CLANG_ANALYZER_NONNULL = YES;
				CLANG_ANALYZER_NUMBER_OBJECT_CONVERSION = YES_AGGRESSIVE;
				CLANG_CXX_LANGUAGE_STANDARD = "gnu++20";
				CLANG_ENABLE_MODULES = YES;
				CLANG_ENABLE_OBJC_ARC = YES;
				CLANG_ENABLE_OBJC_WEAK = YES;
				CLANG_WARN_BLOCK_CAPTURE_AUTORELEASING = YES;
				CLANG_WARN_BOOL_CONVERSION = YES;
				CLANG_WARN_COMMA = YES;
				CLANG_WARN_CONSTANT_CONVERSION = YES;
				CLANG_WARN_DEPRECATED_OBJC_IMPLEMENTATIONS = YES;
				CLANG_WARN_DIRECT_OBJC_ISA_USAGE = YES_ERROR;
				CLANG_WARN_DOCUMENTATION_COMMENTS = YES;
				CLANG_WARN_EMPTY_BODY = YES;
				CLANG_WARN_ENUM_CONVERSION = YES;
				CLANG_WARN_INFINITE_RECURSION = YES;
				CLANG_WARN_INT_CONVERSION = YES;
				CLANG_WARN_NON_LITERAL_NULL_CONVERSION = YES;
				CLANG_WARN_OBJC_IMPLICIT_RETAIN_SELF = YES;
				CLANG_WARN_OBJC_LITERAL_CONVERSION = YES;
				CLANG_WARN_OBJC_ROOT_CLASS = YES_ERROR;
				CLANG_WARN_QUOTED_INCLUDE_IN_FRAMEWORK_HEADER = YES;
				CLANG_WARN_RANGE_LOOP_ANALYSIS = YES;
				CLANG_WARN_STRICT_PROTOTYPES = YES;
				CLANG_WARN_SUSPICIOUS_MOVE = YES;
				CLANG_WARN_UNGUARDED_AVAILABILITY = YES_AGGRESSIVE;
				CLANG_WARN_UNREACHABLE_CODE = YES;
				CLANG_WARN__DUPLICATE_METHOD_MATCH = YES;
				COPY_PHASE_STRIP = NO;
				DEBUG_INFORMATION_FORMAT = "dwarf-with-dsym";
				ENABLE_NS_ASSERTIONS = NO;
				ENABLE_STRICT_OBJC_MSGSEND = YES;
				ENABLE_USER_SCRIPT_SANDBOXING = YES;
				GCC_C_LANGUAGE_STANDARD = gnu17;
				GCC_NO_COMMON_BLOCKS = YES;
				GCC_WARN_64_TO_32_BIT_CONVERSION = YES;
				GCC_WARN_ABOUT_RETURN_TYPE = YES_ERROR;
				GCC_WARN_UNDECLARED_SELECTOR = YES;
				GCC_WARN_UNINITIALIZED_AUTOS = YES_AGGRESSIVE;
				GCC_WARN_UNUSED_FUNCTION = YES;
				GCC_WARN_UNUSED_VARIABLE = YES;
				IPHONEOS_DEPLOYMENT_TARGET = 17.0;
				LOCALIZATION_PREFERS_STRING_CATALOGS = YES;
				MTL_ENABLE_DEBUG_INFO = NO;
				MTL_FAST_MATH = YES;
				SDKROOT = iphoneos;
				SWIFT_COMPILATION_MODE = wholemodule;
				VALIDATE_PRODUCT = YES;
			};
			name = Release;
		};
		D96704742BF75667003919D0 /* Debug */ = {
			isa = XCBuildConfiguration;
			buildSettings = {
				ASSETCATALOG_COMPILER_APPICON_NAME = AppIcon;
				ASSETCATALOG_COMPILER_GLOBAL_ACCENT_COLOR_NAME = AccentColor;
				CODE_SIGN_STYLE = Automatic;
				CURRENT_PROJECT_VERSION = 1;
				DEVELOPMENT_ASSET_PATHS = "\"ExploreMetricKit/Preview Content\"";
				ENABLE_PREVIEWS = YES;
				GENERATE_INFOPLIST_FILE = YES;
				INFOPLIST_KEY_UIApplicationSceneManifest_Generation = YES;
				INFOPLIST_KEY_UIApplicationSupportsIndirectInputEvents = YES;
				INFOPLIST_KEY_UILaunchScreen_Generation = YES;
				INFOPLIST_KEY_UISupportedInterfaceOrientations_iPad = "UIInterfaceOrientationPortrait UIInterfaceOrientationPortraitUpsideDown UIInterfaceOrientationLandscapeLeft UIInterfaceOrientationLandscapeRight";
				INFOPLIST_KEY_UISupportedInterfaceOrientations_iPhone = "UIInterfaceOrientationPortrait UIInterfaceOrientationLandscapeLeft UIInterfaceOrientationLandscapeRight";
				LD_RUNPATH_SEARCH_PATHS = (
					"$(inherited)",
					"@executable_path/Frameworks",
				);
				MARKETING_VERSION = 1.0;
				PRODUCT_BUNDLE_IDENTIFIER = com.it.ExploreMetricKit;
				PRODUCT_NAME = "$(TARGET_NAME)";
				SWIFT_EMIT_LOC_STRINGS = YES;
				SWIFT_VERSION = 5.0;
				TARGETED_DEVICE_FAMILY = "1,2";
			};
			name = Debug;
		};
		D96704752BF75667003919D0 /* Release */ = {
			isa = XCBuildConfiguration;
			buildSettings = {
				ASSETCATALOG_COMPILER_APPICON_NAME = AppIcon;
				ASSETCATALOG_COMPILER_GLOBAL_ACCENT_COLOR_NAME = AccentColor;
				CODE_SIGN_STYLE = Automatic;
				CURRENT_PROJECT_VERSION = 1;
				DEVELOPMENT_ASSET_PATHS = "\"ExploreMetricKit/Preview Content\"";
				ENABLE_PREVIEWS = YES;
				GENERATE_INFOPLIST_FILE = YES;
				INFOPLIST_KEY_UIApplicationSceneManifest_Generation = YES;
				INFOPLIST_KEY_UIApplicationSupportsIndirectInputEvents = YES;
				INFOPLIST_KEY_UILaunchScreen_Generation = YES;
				INFOPLIST_KEY_UISupportedInterfaceOrientations_iPad = "UIInterfaceOrientationPortrait UIInterfaceOrientationPortraitUpsideDown UIInterfaceOrientationLandscapeLeft UIInterfaceOrientationLandscapeRight";
				INFOPLIST_KEY_UISupportedInterfaceOrientations_iPhone = "UIInterfaceOrientationPortrait UIInterfaceOrientationLandscapeLeft UIInterfaceOrientationLandscapeRight";
				LD_RUNPATH_SEARCH_PATHS = (
					"$(inherited)",
					"@executable_path/Frameworks",
				);
				MARKETING_VERSION = 1.0;
				PRODUCT_BUNDLE_IDENTIFIER = com.it.ExploreMetricKit;
				PRODUCT_NAME = "$(TARGET_NAME)";
				SWIFT_EMIT_LOC_STRINGS = YES;
				SWIFT_VERSION = 5.0;
				TARGETED_DEVICE_FAMILY = "1,2";
			};
			name = Release;
		};
		D96704772BF75667003919D0 /* Debug */ = {
			isa = XCBuildConfiguration;
			buildSettings = {
				ALWAYS_EMBED_SWIFT_STANDARD_LIBRARIES = YES;
				BUNDLE_LOADER = "$(TEST_HOST)";
				CODE_SIGN_STYLE = Automatic;
				CURRENT_PROJECT_VERSION = 1;
				GENERATE_INFOPLIST_FILE = YES;
				IPHONEOS_DEPLOYMENT_TARGET = 17.0;
				MARKETING_VERSION = 1.0;
				PRODUCT_BUNDLE_IDENTIFIER = com.it.ExploreMetricKitTests;
				PRODUCT_NAME = "$(TARGET_NAME)";
				SWIFT_EMIT_LOC_STRINGS = NO;
				SWIFT_VERSION = 5.0;
				TARGETED_DEVICE_FAMILY = "1,2";
				TEST_HOST = "$(BUILT_PRODUCTS_DIR)/ExploreMetricKit.app/$(BUNDLE_EXECUTABLE_FOLDER_PATH)/ExploreMetricKit";
			};
			name = Debug;
		};
		D96704782BF75667003919D0 /* Release */ = {
			isa = XCBuildConfiguration;
			buildSettings = {
				ALWAYS_EMBED_SWIFT_STANDARD_LIBRARIES = YES;
				BUNDLE_LOADER = "$(TEST_HOST)";
				CODE_SIGN_STYLE = Automatic;
				CURRENT_PROJECT_VERSION = 1;
				GENERATE_INFOPLIST_FILE = YES;
				IPHONEOS_DEPLOYMENT_TARGET = 17.0;
				MARKETING_VERSION = 1.0;
				PRODUCT_BUNDLE_IDENTIFIER = com.it.ExploreMetricKitTests;
				PRODUCT_NAME = "$(TARGET_NAME)";
				SWIFT_EMIT_LOC_STRINGS = NO;
				SWIFT_VERSION = 5.0;
				TARGETED_DEVICE_FAMILY = "1,2";
				TEST_HOST = "$(BUILT_PRODUCTS_DIR)/ExploreMetricKit.app/$(BUNDLE_EXECUTABLE_FOLDER_PATH)/ExploreMetricKit";
			};
			name = Release;
		};
		D967047A2BF75667003919D0 /* Debug */ = {
			isa = XCBuildConfiguration;
			buildSettings = {
				ALWAYS_EMBED_SWIFT_STANDARD_LIBRARIES = YES;
				CODE_SIGN_STYLE = Automatic;
				CURRENT_PROJECT_VERSION = 1;
				GENERATE_INFOPLIST_FILE = YES;
				MARKETING_VERSION = 1.0;
				PRODUCT_BUNDLE_IDENTIFIER = com.it.ExploreMetricKitUITests;
				PRODUCT_NAME = "$(TARGET_NAME)";
				SWIFT_EMIT_LOC_STRINGS = NO;
				SWIFT_VERSION = 5.0;
				TARGETED_DEVICE_FAMILY = "1,2";
				TEST_TARGET_NAME = ExploreMetricKit;
			};
			name = Debug;
		};
		D967047B2BF75667003919D0 /* Release */ = {
			isa = XCBuildConfiguration;
			buildSettings = {
				ALWAYS_EMBED_SWIFT_STANDARD_LIBRARIES = YES;
				CODE_SIGN_STYLE = Automatic;
				CURRENT_PROJECT_VERSION = 1;
				GENERATE_INFOPLIST_FILE = YES;
				MARKETING_VERSION = 1.0;
				PRODUCT_BUNDLE_IDENTIFIER = com.it.ExploreMetricKitUITests;
				PRODUCT_NAME = "$(TARGET_NAME)";
				SWIFT_EMIT_LOC_STRINGS = NO;
				SWIFT_VERSION = 5.0;
				TARGETED_DEVICE_FAMILY = "1,2";
				TEST_TARGET_NAME = ExploreMetricKit;
			};
			name = Release;
		};
/* End XCBuildConfiguration section */

/* Begin XCConfigurationList section */
		D967044A2BF75665003919D0 /* Build configuration list for PBXProject "ExploreMetricKit" */ = {
			isa = XCConfigurationList;
			buildConfigurations = (
				D96704712BF75667003919D0 /* Debug */,
				D96704722BF75667003919D0 /* Release */,
			);
			defaultConfigurationIsVisible = 0;
			defaultConfigurationName = Release;
		};
		D96704732BF75667003919D0 /* Build configuration list for PBXNativeTarget "ExploreMetricKit" */ = {
			isa = XCConfigurationList;
			buildConfigurations = (
				D96704742BF75667003919D0 /* Debug */,
				D96704752BF75667003919D0 /* Release */,
			);
			defaultConfigurationIsVisible = 0;
			defaultConfigurationName = Release;
		};
		D96704762BF75667003919D0 /* Build configuration list for PBXNativeTarget "ExploreMetricKitTests" */ = {
			isa = XCConfigurationList;
			buildConfigurations = (
				D96704772BF75667003919D0 /* Debug */,
				D96704782BF75667003919D0 /* Release */,
			);
			defaultConfigurationIsVisible = 0;
			defaultConfigurationName = Release;
		};
		D96704792BF75667003919D0 /* Build configuration list for PBXNativeTarget "ExploreMetricKitUITests" */ = {
			isa = XCConfigurationList;
			buildConfigurations = (
				D967047A2BF75667003919D0 /* Debug */,
				D967047B2BF75667003919D0 /* Release */,
			);
			defaultConfigurationIsVisible = 0;
			defaultConfigurationName = Release;
		};
/* End XCConfigurationList section */
	};
	rootObject = D96704472BF75665003919D0 /* Project object */;
}
